
Microsoft Visual Studio Solution File, Format Version 12.00
# Visual Studio 2013
VisualStudioVersion = 12.0.21005.1
MinimumVisualStudioVersion = 10.0.40219.1
Project("{FAE04EC0-301F-11D3-BF4B-00C04F79EFBC}") = "AlexQinDev.Web", "AlexQinDev.Web\AlexQinDev.Web.csproj", "{0AFA077E-0BC7-4455-962C-57F87C2E9BEF}"
EndProject
Project("{FAE04EC0-301F-11D3-BF4B-00C04F79EFBC}") = "AlexQinDev.Web.Tests", "AlexQinDev.Web.Tests\AlexQinDev.Web.Tests.csproj", "{0BFF76F2-9A4E-47CB-88F4-8BB17FB2810A}"
EndProject
Global
	GlobalSection(SolutionConfigurationPlatforms) = preSolution
		Debug|Any CPU = Debug|Any CPU
		Release|Any CPU = Release|Any CPU
	EndGlobalSection
	GlobalSection(ProjectConfigurationPlatforms) = postSolution
		{0AFA077E-0BC7-4455-962C-57F87C2E9BEF}.Debug|Any CPU.ActiveCfg = Debug|Any CPU
		{0AFA077E-0BC7-4455-962C-57F87C2E9BEF}.Debug|Any CPU.Build.0 = Debug|Any CPU
		{0AFA077E-0BC7-4455-962C-57F87C2E9BEF}.Release|Any CPU.ActiveCfg = Release|Any CPU
		{0AFA077E-0BC7-4455-962C-57F87C2E9BEF}.Release|Any CPU.Build.0 = Release|Any CPU
		{0BFF76F2-9A4E-47CB-88F4-8BB17FB2810A}.Debug|Any CPU.ActiveCfg = Debug|Any CPU
		{0BFF76F2-9A4E-47CB-88F4-8BB17FB2810A}.Debug|Any CPU.Build.0 = Debug|Any CPU
		{0BFF76F2-9A4E-47CB-88F4-8BB17FB2810A}.Release|Any CPU.ActiveCfg = Release|Any CPU
		{0BFF76F2-9A4E-47CB-88F4-8BB17FB2810A}.Release|Any CPU.Build.0 = Release|Any CPU
	EndGlobalSection
	GlobalSection(SolutionProperties) = preSolution
		HideSolutionNode = FALSE
	EndGlobalSection
EndGlobal
