
Microsoft Visual Studio Solution File, Format Version 12.00
# Visual Studio 2013
VisualStudioVersion = 12.0.21005.1
MinimumVisualStudioVersion = 10.0.40219.1
Project("{FAE04EC0-301F-11D3-BF4B-00C04F79EFBC}") = "AlexQinDev.Web", "AlexQinDev.Web\AlexQinDev.Web.csproj", "{0AFA077E-0BC7-4455-962C-57F87C2E9BEF}"
EndProject
Project("{FAE04EC0-301F-11D3-BF4B-00C04F79EFBC}") = "AlexQinDev.Web.Tests", "AlexQinDev.Web.Tests\AlexQinDev.Web.Tests.csproj", "{0BFF76F2-9A4E-47CB-88F4-8BB17FB2810A}"
EndProject
Project("{FAE04EC0-301F-11D3-BF4B-00C04F79EFBC}") = "AlexQinDev.WeiXin", "AlexQinDev.WeiXin\AlexQinDev.WeiXin.csproj", "{734E26C8-B132-4216-9484-C4DD008E6435}"
EndProject
Project("{2150E333-8FDC-42A3-9474-1A3956D46DE8}") = "DesignPattern", "DesignPattern", "{BCA3BF11-A150-4BB4-85F0-8AD8F832D204}"
EndProject
Project("{FAE04EC0-301F-11D3-BF4B-00C04F79EFBC}") = "Decorator", "DesignPattern\Decorator\Decorator.csproj", "{4B9DE524-88B2-4E3C-A681-A4D87A767136}"
EndProject
Project("{FAE04EC0-301F-11D3-BF4B-00C04F79EFBC}") = "Proxy", "DesignPattern\Proxy\Proxy.csproj", "{A9E9B5DA-AB54-4C07-9767-80F7F6185F2D}"
EndProject
Global
	GlobalSection(SolutionConfigurationPlatforms) = preSolution
		Debug|Any CPU = Debug|Any CPU
		Release|Any CPU = Release|Any CPU
	EndGlobalSection
	GlobalSection(ProjectConfigurationPlatforms) = postSolution
		{0AFA077E-0BC7-4455-962C-57F87C2E9BEF}.Debug|Any CPU.ActiveCfg = Debug|Any CPU
		{0AFA077E-0BC7-4455-962C-57F87C2E9BEF}.Debug|Any CPU.Build.0 = Debug|Any CPU
		{0AFA077E-0BC7-4455-962C-57F87C2E9BEF}.Release|Any CPU.ActiveCfg = Release|Any CPU
		{0AFA077E-0BC7-4455-962C-57F87C2E9BEF}.Release|Any CPU.Build.0 = Release|Any CPU
		{0BFF76F2-9A4E-47CB-88F4-8BB17FB2810A}.Debug|Any CPU.ActiveCfg = Debug|Any CPU
		{0BFF76F2-9A4E-47CB-88F4-8BB17FB2810A}.Debug|Any CPU.Build.0 = Debug|Any CPU
		{0BFF76F2-9A4E-47CB-88F4-8BB17FB2810A}.Release|Any CPU.ActiveCfg = Release|Any CPU
		{0BFF76F2-9A4E-47CB-88F4-8BB17FB2810A}.Release|Any CPU.Build.0 = Release|Any CPU
		{734E26C8-B132-4216-9484-C4DD008E6435}.Debug|Any CPU.ActiveCfg = Debug|Any CPU
		{734E26C8-B132-4216-9484-C4DD008E6435}.Debug|Any CPU.Build.0 = Debug|Any CPU
		{734E26C8-B132-4216-9484-C4DD008E6435}.Release|Any CPU.ActiveCfg = Release|Any CPU
		{734E26C8-B132-4216-9484-C4DD008E6435}.Release|Any CPU.Build.0 = Release|Any CPU
		{4B9DE524-88B2-4E3C-A681-A4D87A767136}.Debug|Any CPU.ActiveCfg = Debug|Any CPU
		{4B9DE524-88B2-4E3C-A681-A4D87A767136}.Debug|Any CPU.Build.0 = Debug|Any CPU
		{4B9DE524-88B2-4E3C-A681-A4D87A767136}.Release|Any CPU.ActiveCfg = Release|Any CPU
		{4B9DE524-88B2-4E3C-A681-A4D87A767136}.Release|Any CPU.Build.0 = Release|Any CPU
		{A9E9B5DA-AB54-4C07-9767-80F7F6185F2D}.Debug|Any CPU.ActiveCfg = Debug|Any CPU
		{A9E9B5DA-AB54-4C07-9767-80F7F6185F2D}.Debug|Any CPU.Build.0 = Debug|Any CPU
		{A9E9B5DA-AB54-4C07-9767-80F7F6185F2D}.Release|Any CPU.ActiveCfg = Release|Any CPU
		{A9E9B5DA-AB54-4C07-9767-80F7F6185F2D}.Release|Any CPU.Build.0 = Release|Any CPU
	EndGlobalSection
	GlobalSection(SolutionProperties) = preSolution
		HideSolutionNode = FALSE
	EndGlobalSection
	GlobalSection(NestedProjects) = preSolution
		{4B9DE524-88B2-4E3C-A681-A4D87A767136} = {BCA3BF11-A150-4BB4-85F0-8AD8F832D204}
		{A9E9B5DA-AB54-4C07-9767-80F7F6185F2D} = {BCA3BF11-A150-4BB4-85F0-8AD8F832D204}
	EndGlobalSection
EndGlobal
